{
    "requires": true,
    "lockfileVersion": 1,
    "dependencies": {
        "@vue/component-compiler-utils": {
            "version": "3.2.0",
            "resolved": "https://registry.npmjs.org/@vue/component-compiler-utils/-/component-compiler-utils-3.2.0.tgz",
            "integrity": "sha512-lejBLa7xAMsfiZfNp7Kv51zOzifnb29FwdnMLa96z26kXErPFioSf9BMcePVIQ6/Gc6/mC0UrPpxAWIHyae0vw==",
            "dev": true,
            "requires": {
                "consolidate": "^0.15.1",
                "hash-sum": "^1.0.2",
                "lru-cache": "^4.1.2",
                "merge-source-map": "^1.1.0",
                "postcss": "^7.0.14",
                "postcss-selector-parser": "^6.0.2",
                "prettier": "^1.18.2",
                "source-map": "~0.6.1",
                "vue-template-es2015-compiler": "^1.9.0"
            },
            "dependencies": {
                "postcss": {
                    "version": "7.0.35",
                    "resolved": "https://registry.npmjs.org/postcss/-/postcss-7.0.35.tgz",
                    "integrity": "sha512-3QT8bBJeX/S5zKTTjTCIjRF3If4avAT6kqxcASlTWEtAFCb9NH0OUxNDfgZSWdP5fJnBYCMEWkIFfWeugjzYMg==",
                    "dev": true,
                    "requires": {
                        "chalk": "^2.4.2",
                        "source-map": "^0.6.1",
                        "supports-color": "^6.1.0"
                    }
                }
            }
        },
        "acorn": {
            "version": "3.3.0",
            "resolved": "https://registry.npmjs.org/acorn/-/acorn-3.3.0.tgz",
            "integrity": "sha1-ReN/s56No/JbruP/U2niu18iAXo="
        },
        "annyang": {
            "version": "2.6.1",
            "resolved": "https://registry.npmjs.org/annyang/-/annyang-2.6.1.tgz",
            "integrity": "sha512-KfO6FVFmE7H7epXgAWRoGITShVqsDs6zLKuTxDiJHZmAVnpKeUAKiMUIr7hDXbNUOqRIB3RVTQQd/Yaf4ULauw=="
        },
        "ansi-styles": {
            "version": "3.2.1",
            "resolved": "https://registry.npmjs.org/ansi-styles/-/ansi-styles-3.2.1.tgz",
            "integrity": "sha512-VT0ZI6kZRdTh8YyJw3SMbYm/u+NqfsAxEpWO0Pf9sq8/e94WxxOpPKx9FR1FlyCtOVDNOQ+8ntlqFxiRc+r5qA==",
            "dev": true,
            "requires": {
                "color-convert": "^1.9.0"
            }
        },
        "balanced-match": {
            "version": "1.0.0",
            "resolved": "https://registry.npmjs.org/balanced-match/-/balanced-match-1.0.0.tgz",
            "integrity": "sha1-ibTRmasr7kneFk6gK4nORi1xt2c="
        },
        "big.js": {
            "version": "5.2.2",
            "resolved": "https://registry.npmjs.org/big.js/-/big.js-5.2.2.tgz",
            "integrity": "sha512-vyL2OymJxmarO8gxMr0mhChsO9QGwhynfuu4+MHTAW6czfq9humCB7rKpUjDd9YUiDPU4mzpyupFSvOClAwbmQ==",
            "dev": true
        },
        "bluebird": {
            "version": "3.7.2",
            "resolved": "https://registry.npmjs.org/bluebird/-/bluebird-3.7.2.tgz",
            "integrity": "sha512-XpNj6GDQzdfW+r2Wnn7xiSAd7TM3jzkxGXBGTtWKuSXv1xUV+azxAm8jdWZN06QTQk+2N2XB9jRDkvbmQmcRtg==",
            "dev": true
        },
        "brace-expansion": {
            "version": "1.1.11",
            "resolved": "https://registry.npmjs.org/brace-expansion/-/brace-expansion-1.1.11.tgz",
            "integrity": "sha512-iCuPHDFgrHX7H2vEI/5xpz07zSHB00TpugqhmYtVmMO6518mCuRMoOYFldEBl0g187ufozdaHgWKcYFb61qGiA==",
            "requires": {
                "balanced-match": "^1.0.0",
                "concat-map": "0.0.1"
            }
        },
        "browser-resolve": {
            "version": "1.11.3",
            "resolved": "https://registry.npmjs.org/browser-resolve/-/browser-resolve-1.11.3.tgz",
            "integrity": "sha512-exDi1BYWB/6raKHmDTCicQfTkqwN5fioMFV4j8BsfMU4R2DK/QfZfK7kOVkmWCNANf0snkBzqGqAJBao9gZMdQ==",
            "requires": {
                "resolve": "1.1.7"
            },
            "dependencies": {
                "resolve": {
                    "version": "1.1.7",
                    "resolved": "https://registry.npmjs.org/resolve/-/resolve-1.1.7.tgz",
                    "integrity": "sha1-IDEU2CrSxe2ejgQRs5ModeiJ6Xs="
                }
            }
        },
        "builtin-modules": {
            "version": "1.1.1",
            "resolved": "https://registry.npmjs.org/builtin-modules/-/builtin-modules-1.1.1.tgz",
            "integrity": "sha1-Jw8HbFpywC9bZaR9+Uxf46J4iS8="
        },
        "chalk": {
            "version": "2.4.2",
            "resolved": "https://registry.npmjs.org/chalk/-/chalk-2.4.2.tgz",
            "integrity": "sha512-Mti+f9lpJNcwF4tWV8/OrTTtF1gZi+f8FqlyAdouralcFWFQWF2+NgCHShjkCb+IFBLq9buZwE1xckQU4peSuQ==",
            "dev": true,
            "requires": {
                "ansi-styles": "^3.2.1",
                "escape-string-regexp": "^1.0.5",
                "supports-color": "^5.3.0"
            },
            "dependencies": {
                "supports-color": {
                    "version": "5.5.0",
                    "resolved": "https://registry.npmjs.org/supports-color/-/supports-color-5.5.0.tgz",
                    "integrity": "sha512-QjVjwdXIt408MIiAqCX4oUKsgU2EqAGzs2Ppkm4aQYbjm+ZEWEcW4SfFNTr4uMNZma0ey4f5lgLrkB0aX0QMow==",
                    "dev": true,
                    "requires": {
                        "has-flag": "^3.0.0"
                    }
                }
            }
        },
        "clipboard": {
            "version": "2.0.6",
            "resolved": "https://registry.npmjs.org/clipboard/-/clipboard-2.0.6.tgz",
            "integrity": "sha512-g5zbiixBRk/wyKakSwCKd7vQXDjFnAMGHoEyBogG/bw9kTD9GvdAvaoRR1ALcEzt3pVKxZR0pViekPMIS0QyGg==",
            "requires": {
                "good-listener": "^1.2.2",
                "select": "^1.1.2",
                "tiny-emitter": "^2.0.0"
            }
        },
        "color-convert": {
            "version": "1.9.3",
            "resolved": "https://registry.npmjs.org/color-convert/-/color-convert-1.9.3.tgz",
            "integrity": "sha512-QfAUtd+vFdAtFQcC8CCyYt1fYWxSqAiK2cSD6zDB8N3cpsEBAvRxp9zOGg6G/SHHJYAT88/az/IuDGALsNVbGg==",
            "dev": true,
            "requires": {
                "color-name": "1.1.3"
            }
        },
        "color-name": {
            "version": "1.1.3",
            "resolved": "https://registry.npmjs.org/color-name/-/color-name-1.1.3.tgz",
            "integrity": "sha1-p9BVi9icQveV3UIyj3QIMcpTvCU=",
            "dev": true
        },
        "colorette": {
            "version": "1.2.1",
            "resolved": "https://registry.npmjs.org/colorette/-/colorette-1.2.1.tgz",
            "integrity": "sha512-puCDz0CzydiSYOrnXpz/PKd69zRrribezjtE9yd4zvytoRc8+RY/KJPvtPFKZS3E3wP6neGyMe0vOTlHO5L3Pw==",
            "dev": true
        },
        "concat-map": {
            "version": "0.0.1",
            "resolved": "https://registry.npmjs.org/concat-map/-/concat-map-0.0.1.tgz",
            "integrity": "sha1-2Klr13/Wjfd5OnMDajug1UBdR3s="
        },
        "consolidate": {
            "version": "0.15.1",
            "resolved": "https://registry.npmjs.org/consolidate/-/consolidate-0.15.1.tgz",
            "integrity": "sha512-DW46nrsMJgy9kqAbPt5rKaCr7uFtpo4mSUvLHIUbJEjm0vo+aY5QLwBUq3FK4tRnJr/X0Psc0C4jf/h+HtXSMw==",
            "dev": true,
            "requires": {
                "bluebird": "^3.1.1"
            }
        },
        "cross-env": {
            "version": "7.0.2",
            "resolved": "https://registry.npmjs.org/cross-env/-/cross-env-7.0.2.tgz",
            "integrity": "sha512-KZP/bMEOJEDCkDQAyRhu3RL2ZO/SUVrxQVI0G3YEQ+OLbRA3c6zgixe8Mq8a/z7+HKlNEjo8oiLUs8iRijY2Rw==",
            "dev": true,
            "requires": {
                "cross-spawn": "^7.0.1"
            }
        },
        "cross-spawn": {
            "version": "7.0.3",
            "resolved": "https://registry.npmjs.org/cross-spawn/-/cross-spawn-7.0.3.tgz",
            "integrity": "sha512-iRDPJKUPVEND7dHPO8rkbOnPpyDygcDFtWjpeWNCgy8WP2rXcxXL8TskReQl6OrB2G7+UJrags1q15Fudc7G6w==",
            "dev": true,
            "requires": {
                "path-key": "^3.1.0",
                "shebang-command": "^2.0.0",
                "which": "^2.0.1"
            }
        },
        "cssesc": {
            "version": "3.0.0",
            "resolved": "https://registry.npmjs.org/cssesc/-/cssesc-3.0.0.tgz",
            "integrity": "sha512-/Tb/JcjK111nNScGob5MNtsntNM1aCNUDipB/TkwZFhyDrrE47SOx/18wF2bbjgc3ZzCSKW1T5nt5EbFoAz/Vg==",
            "dev": true
        },
        "delegate": {
            "version": "3.2.0",
            "resolved": "https://registry.npmjs.org/delegate/-/delegate-3.2.0.tgz",
            "integrity": "sha512-IofjkYBZaZivn0V8nnsMJGBr4jVLxHDheKSW88PyxS5QC4Vo9ZbZVvhzlSxY87fVq3STR6r+4cGepyHkcWOQSw=="
        },
        "emojis-list": {
            "version": "3.0.0",
            "resolved": "https://registry.npmjs.org/emojis-list/-/emojis-list-3.0.0.tgz",
            "integrity": "sha512-/kyM18EfinwXZbno9FyUGeFh87KC8HRQBQGildHZbEuRyWFOmv1U10o9BBp8XVZDVNNuQKyIGIu5ZYAAXJ0V2Q==",
            "dev": true
        },
        "es6-object-assign": {
            "version": "1.1.0",
            "resolved": "https://registry.npmjs.org/es6-object-assign/-/es6-object-assign-1.1.0.tgz",
            "integrity": "sha1-wsNYJlYkfDnqEHyx5mUrb58kUjw="
        },
        "escape-string-regexp": {
            "version": "1.0.5",
            "resolved": "https://registry.npmjs.org/escape-string-regexp/-/escape-string-regexp-1.0.5.tgz",
            "integrity": "sha1-G2HAViGQqN/2rjuyzwIAyhMLhtQ=",
            "dev": true
        },
        "estree-walker": {
            "version": "0.2.1",
            "resolved": "https://registry.npmjs.org/estree-walker/-/estree-walker-0.2.1.tgz",
            "integrity": "sha1-va/oCVOD2EFNXcLs9MkXO225QS4="
        },
        "good-listener": {
            "version": "1.2.2",
            "resolved": "https://registry.npmjs.org/good-listener/-/good-listener-1.2.2.tgz",
            "integrity": "sha1-1TswzfkxPf+33JoNR3CWqm0UXFA=",
            "requires": {
                "delegate": "^3.1.2"
            }
        },
        "hammerjs": {
            "version": "2.0.8",
            "resolved": "https://registry.npmjs.org/hammerjs/-/hammerjs-2.0.8.tgz",
            "integrity": "sha1-BO93hiz/K7edMPdpIJWTAiK/YPE="
        },
        "has-flag": {
            "version": "3.0.0",
            "resolved": "https://registry.npmjs.org/has-flag/-/has-flag-3.0.0.tgz",
            "integrity": "sha1-tdRU3CGZriJWmfNGfloH87lVuv0=",
            "dev": true
        },
        "hash-sum": {
            "version": "1.0.2",
            "resolved": "https://registry.npmjs.org/hash-sum/-/hash-sum-1.0.2.tgz",
            "integrity": "sha1-M7QHd3VMZDJXPBIMw4CLvRDUfwQ=",
            "dev": true
        },
        "idb-keyval": {
            "version": "3.2.0",
            "resolved": "https://registry.npmjs.org/idb-keyval/-/idb-keyval-3.2.0.tgz",
            "integrity": "sha512-slx8Q6oywCCSfKgPgL0sEsXtPVnSbTLWpyiDcu6msHOyKOLari1TD1qocXVCft80umnkk3/Qqh3lwoFt8T/BPQ=="
        },
        "indexes-of": {
            "version": "1.0.1",
            "resolved": "https://registry.npmjs.org/indexes-of/-/indexes-of-1.0.1.tgz",
            "integrity": "sha1-8w9xbI4r00bHtn0985FVZqfAVgc=",
            "dev": true
        },
        "isexe": {
            "version": "2.0.0",
            "resolved": "https://registry.npmjs.org/isexe/-/isexe-2.0.0.tgz",
            "integrity": "sha1-6PvzdNxVb/iUehDcsFctYz8s+hA=",
            "dev": true
        },
        "json5": {
            "version": "1.0.1",
            "resolved": "https://registry.npmjs.org/json5/-/json5-1.0.1.tgz",
            "integrity": "sha512-aKS4WQjPenRxiQsC93MNfjx+nbF4PAdYzmd/1JIj8HYzqfbu86beTuNgXDzPknWk0n0uARlyewZo4s++ES36Ow==",
            "dev": true,
            "requires": {
                "minimist": "^1.2.0"
            }
        },
        "keycode": {
            "version": "2.2.0",
            "resolved": "https://registry.npmjs.org/keycode/-/keycode-2.2.0.tgz",
            "integrity": "sha1-PQr1bce4uOXLqNCpfxByBO7CKwQ="
        },
        "loader-utils": {
            "version": "1.4.0",
            "resolved": "https://registry.npmjs.org/loader-utils/-/loader-utils-1.4.0.tgz",
            "integrity": "sha512-qH0WSMBtn/oHuwjy/NucEgbx5dbxxnxup9s4PVXJUDHZBQY+s0NWA9rJf53RBnQZxfch7euUui7hpoAPvALZdA==",
            "dev": true,
            "requires": {
                "big.js": "^5.2.2",
                "emojis-list": "^3.0.0",
                "json5": "^1.0.1"
            }
        },
        "lru-cache": {
            "version": "4.1.5",
            "resolved": "https://registry.npmjs.org/lru-cache/-/lru-cache-4.1.5.tgz",
            "integrity": "sha512-sWZlbEP2OsHNkXrMl5GYk/jKk70MBng6UU4YI/qGDYbgf6YbP4EvmqISbXCoJiRKs+1bSpFHVgQxvJ17F2li5g==",
            "dev": true,
            "requires": {
                "pseudomap": "^1.0.2",
                "yallist": "^2.1.2"
            }
        },
        "magic-string": {
            "version": "0.16.0",
            "resolved": "https://registry.npmjs.org/magic-string/-/magic-string-0.16.0.tgz",
            "integrity": "sha1-lw67DacZMwEoX7GqZQ85vdgetFo=",
            "requires": {
                "vlq": "^0.2.1"
            }
        },
        "merge-source-map": {
            "version": "1.1.0",
            "resolved": "https://registry.npmjs.org/merge-source-map/-/merge-source-map-1.1.0.tgz",
            "integrity": "sha512-Qkcp7P2ygktpMPh2mCQZaf3jhN6D3Z/qVZHSdWvQ+2Ef5HgRAPBO57A77+ENm0CPx2+1Ce/MYKi3ymqdfuqibw==",
            "dev": true,
            "requires": {
                "source-map": "^0.6.1"
            }
        },
        "minimatch": {
            "version": "3.0.4",
            "resolved": "https://registry.npmjs.org/minimatch/-/minimatch-3.0.4.tgz",
            "integrity": "sha512-yJHVQEhyqPLUTgt9B83PXu6W3rx4MvvHvSUvToogpwoGDOUQ+yDrR0HRot+yOCdCO7u4hX3pWft6kWBBcqh0UA==",
            "requires": {
                "brace-expansion": "^1.1.7"
            }
        },
        "minimist": {
            "version": "1.2.5",
            "resolved": "https://registry.npmjs.org/minimist/-/minimist-1.2.5.tgz",
            "integrity": "sha512-FM9nNUYrRBAELZQT3xeZQ7fmMOBg6nWNmJKTcgsJeaLstP/UODVpGsr5OhXhhXg6f+qtJ8uiZ+PUxkDWcgIXLw==",
            "dev": true
        },
        "nanoid": {
            "version": "3.1.20",
            "resolved": "https://registry.npmjs.org/nanoid/-/nanoid-3.1.20.tgz",
            "integrity": "sha512-a1cQNyczgKbLX9jwbS/+d7W8fX/RfgYR7lVWwWOGIPNgK2m0MWvrGF6/m4kk6U3QcFMnZf3RIhL0v2Jgh/0Uxw==",
            "dev": true
        },
        "path-key": {
            "version": "3.1.1",
            "resolved": "https://registry.npmjs.org/path-key/-/path-key-3.1.1.tgz",
            "integrity": "sha512-ojmeN0qd+y0jszEtoY48r0Peq5dwMEkIlCOu6Q5f41lfkswXuKtYrhgoTpLnyIcHm24Uhqx+5Tqm2InSwLhE6Q==",
            "dev": true
        },
        "path-parse": {
            "version": "1.0.6",
            "resolved": "https://registry.npmjs.org/path-parse/-/path-parse-1.0.6.tgz",
            "integrity": "sha512-GSmOT2EbHrINBf9SR7CDELwlJ8AENk3Qn7OikK4nFYAu3Ote2+JYNVvkpAEQm3/TLNEJFD/xZJjzyxg3KBWOzw=="
        },
        "popper.js": {
            "version": "1.16.1",
            "resolved": "https://registry.npmjs.org/popper.js/-/popper.js-1.16.1.tgz",
            "integrity": "sha512-Wb4p1J4zyFTbM+u6WuO4XstYx4Ky9Cewe4DWrel7B0w6VVICvPwdOpotjzcf6eD8TsckVnIMNONQyPIUFOUbCQ=="
        },
        "postcss": {
            "version": "8.2.1",
            "resolved": "https://registry.npmjs.org/postcss/-/postcss-8.2.1.tgz",
            "integrity": "sha512-RhsqOOAQzTgh1UB/IZdca7F9WDb7SUCR2Vnv1x7DbvuuggQIpoDwjK+q0rzoPffhYvWNKX5JSwS4so4K3UC6vA==",
            "dev": true,
            "requires": {
                "colorette": "^1.2.1",
                "nanoid": "^3.1.20",
                "source-map": "^0.6.1"
            },
            "dependencies": {
                "source-map": {
                    "version": "0.6.1",
                    "resolved": "https://registry.npmjs.org/source-map/-/source-map-0.6.1.tgz",
                    "integrity": "sha512-UjgapumWlbMhkBgzT7Ykc5YXUT46F0iKu8SGXq0bcwP5dz/h0Plj6enJqjz1Zbq2l5WaqYnrVbwWOWMyF3F47g==",
                    "dev": true
                }
            }
        },
        "postcss-selector-parser": {
            "version": "6.0.4",
            "resolved": "https://registry.npmjs.org/postcss-selector-parser/-/postcss-selector-parser-6.0.4.tgz",
            "integrity": "sha512-gjMeXBempyInaBqpp8gODmwZ52WaYsVOsfr4L4lDQ7n3ncD6mEyySiDtgzCT+NYC0mmeOLvtsF8iaEf0YT6dBw==",
            "dev": true,
            "requires": {
                "cssesc": "^3.0.0",
                "indexes-of": "^1.0.1",
                "uniq": "^1.0.1",
                "util-deprecate": "^1.0.2"
            }
        },
        "prettier": {
            "version": "1.19.1",
            "resolved": "https://registry.npmjs.org/prettier/-/prettier-1.19.1.tgz",
            "integrity": "sha512-s7PoyDv/II1ObgQunCbB9PdLmUcBZcnWOcxDh7O0N/UwDEsHyqkW+Qh28jW+mVuCdx7gLB0BotYI1Y6uI9iyew==",
            "dev": true,
            "optional": true
        },
        "pseudomap": {
            "version": "1.0.2",
            "resolved": "https://registry.npmjs.org/pseudomap/-/pseudomap-1.0.2.tgz",
            "integrity": "sha1-8FKijacOYYkX7wqKw0wa5aaChrM=",
            "dev": true
        },
        "resolve": {
            "version": "1.17.0",
            "resolved": "https://registry.npmjs.org/resolve/-/resolve-1.17.0.tgz",
            "integrity": "sha512-ic+7JYiV8Vi2yzQGFWOkiZD5Z9z7O2Zhm9XMaTxdJExKasieFCr+yXZ/WmXsckHiKl12ar0y6XiXDx3m4RHn1w==",
            "requires": {
                "path-parse": "^1.0.6"
            }
        },
        "rollup-plugin-cleanup": {
            "version": "0.1.4",
            "resolved": "https://registry.npmjs.org/rollup-plugin-cleanup/-/rollup-plugin-cleanup-0.1.4.tgz",
            "integrity": "sha1-n+06tDAJiKiC1j3jMh5BDNr8YzE=",
            "requires": {
                "acorn": "^3.3.0",
                "magic-string": "^0.16.0",
                "rollup-pluginutils": "^1.5.2"
            }
        },
        "rollup-plugin-commonjs": {
            "version": "7.1.0",
            "resolved": "https://registry.npmjs.org/rollup-plugin-commonjs/-/rollup-plugin-commonjs-7.1.0.tgz",
            "integrity": "sha1-w6dywuSl+hNQf1xXi2bME7DLink=",
            "requires": {
                "acorn": "^4.0.1",
                "estree-walker": "^0.3.0",
                "magic-string": "^0.19.0",
                "resolve": "^1.1.7",
                "rollup-pluginutils": "^2.0.1"
            },
            "dependencies": {
                "acorn": {
                    "version": "4.0.13",
                    "resolved": "https://registry.npmjs.org/acorn/-/acorn-4.0.13.tgz",
                    "integrity": "sha1-EFSVrlNh1pe9GVyCUZLhrX8lN4c="
                },
                "estree-walker": {
                    "version": "0.3.1",
                    "resolved": "https://registry.npmjs.org/estree-walker/-/estree-walker-0.3.1.tgz",
                    "integrity": "sha1-5rGlHPcpJSTnI3wxLl/mZgwc4ao="
                },
                "magic-string": {
                    "version": "0.19.1",
                    "resolved": "https://registry.npmjs.org/magic-string/-/magic-string-0.19.1.tgz",
                    "integrity": "sha1-FNdoATyvLsj96hakmvgvw3fnUgE=",
                    "requires": {
                        "vlq": "^0.2.1"
                    }
                },
                "rollup-pluginutils": {
                    "version": "2.8.2",
                    "resolved": "https://registry.npmjs.org/rollup-pluginutils/-/rollup-pluginutils-2.8.2.tgz",
                    "integrity": "sha512-EEp9NhnUkwY8aif6bxgovPHMoMoNr2FulJziTndpt5H9RdwC47GSGuII9XxpSdzVGM0GWrNPHV6ie1LTNJPaLQ==",
                    "requires": {
                        "estree-walker": "^0.6.1"
                    },
                    "dependencies": {
                        "estree-walker": {
                            "version": "0.6.1",
                            "resolved": "https://registry.npmjs.org/estree-walker/-/estree-walker-0.6.1.tgz",
                            "integrity": "sha512-SqmZANLWS0mnatqbSfRP5g8OXZC12Fgg1IwNtLsyHDzJizORW4khDfjPqJZsemPWBB2uqykUah5YpQ6epsqC/w=="
                        }
                    }
                }
            }
        },
        "rollup-plugin-node-resolve": {
            "version": "2.1.1",
            "resolved": "https://registry.npmjs.org/rollup-plugin-node-resolve/-/rollup-plugin-node-resolve-2.1.1.tgz",
            "integrity": "sha1-y7eDsNFbAnlNWJFTULLw2QK43cg=",
            "requires": {
                "browser-resolve": "^1.11.0",
                "builtin-modules": "^1.1.0",
                "resolve": "^1.1.6"
            }
        },
        "rollup-pluginutils": {
            "version": "1.5.2",
            "resolved": "https://registry.npmjs.org/rollup-pluginutils/-/rollup-pluginutils-1.5.2.tgz",
            "integrity": "sha1-HhVud4+UtyVb+hs9AXi+j1xVJAg=",
            "requires": {
                "estree-walker": "^0.2.1",
                "minimatch": "^3.0.2"
            }
        },
        "select": {
            "version": "1.1.2",
            "resolved": "https://registry.npmjs.org/select/-/select-1.1.2.tgz",
            "integrity": "sha1-DnNQrN7ICxEIUoeG7B1EGNEbOW0="
        },
        "shebang-command": {
            "version": "2.0.0",
            "resolved": "https://registry.npmjs.org/shebang-command/-/shebang-command-2.0.0.tgz",
            "integrity": "sha512-kHxr2zZpYtdmrN1qDjrrX/Z1rR1kG8Dx+gkpK1G4eXmvXswmcE1hTWBWYUzlraYw1/yZp6YuDY77YtvbN0dmDA==",
            "dev": true,
            "requires": {
                "shebang-regex": "^3.0.0"
            }
        },
        "shebang-regex": {
            "version": "3.0.0",
            "resolved": "https://registry.npmjs.org/shebang-regex/-/shebang-regex-3.0.0.tgz",
            "integrity": "sha512-7++dFhtcx3353uBaq8DDR4NuxBetBzC7ZQOhmTQInHEd6bSrXdiEyzCvG07Z44UYdLShWUyXt5M/yhz8ekcb1A==",
            "dev": true
        },
        "source-map": {
            "version": "0.6.1",
            "resolved": "https://registry.npmjs.org/source-map/-/source-map-0.6.1.tgz",
            "integrity": "sha512-UjgapumWlbMhkBgzT7Ykc5YXUT46F0iKu8SGXq0bcwP5dz/h0Plj6enJqjz1Zbq2l5WaqYnrVbwWOWMyF3F47g==",
            "dev": true
        },
        "supports-color": {
            "version": "6.1.0",
            "resolved": "https://registry.npmjs.org/supports-color/-/supports-color-6.1.0.tgz",
            "integrity": "sha512-qe1jfm1Mg7Nq/NSh6XE24gPXROEVsWHxC1LIx//XNlD9iw7YZQGjZNjYN7xGaEG6iKdA8EtNFW6R0gjnVXp+wQ==",
            "dev": true,
            "requires": {
                "has-flag": "^3.0.0"
            }
        },
        "tiny-emitter": {
            "version": "2.1.0",
            "resolved": "https://registry.npmjs.org/tiny-emitter/-/tiny-emitter-2.1.0.tgz",
            "integrity": "sha512-NB6Dk1A9xgQPMoGqC5CVXn123gWyte215ONT5Pp5a0yt4nlEoO1ZWeCwpncaekPHXO60i47ihFnZPiRPjRMq4Q=="
        },
        "tippy.js": {
            "version": "2.6.0",
            "resolved": "https://registry.npmjs.org/tippy.js/-/tippy.js-2.6.0.tgz",
            "integrity": "sha512-hBcy6UXK3epiFwpkycy7Pn1SSLofUmawpPnlYg5ginbXMc/3EX2ivjzHfjvr/WPEpUg71/7ssiovhxDtCWvL2A==",
            "requires": {
                "popper.js": "^1.14.3"
            }
        },
        "uniq": {
            "version": "1.0.1",
            "resolved": "https://registry.npmjs.org/uniq/-/uniq-1.0.1.tgz",
            "integrity": "sha1-sxxa6CVIRKOoKBVBzisEuGWnNP8=",
            "dev": true
        },
        "util-deprecate": {
            "version": "1.0.2",
            "resolved": "https://registry.npmjs.org/util-deprecate/-/util-deprecate-1.0.2.tgz",
            "integrity": "sha1-RQ1Nyfpw3nMnYvvS1KKJgUGaDM8=",
            "dev": true
        },
        "vlq": {
            "version": "0.2.3",
            "resolved": "https://registry.npmjs.org/vlq/-/vlq-0.2.3.tgz",
            "integrity": "sha512-DRibZL6DsNhIgYQ+wNdWDL2SL3bKPlVrRiBqV5yuMm++op8W4kGFtaQfCs4KEJn0wBZcHVHJ3eoywX8983k1ow=="
        },
        "vue": {
            "version": "2.6.11",
            "resolved": "https://registry.npmjs.org/vue/-/vue-2.6.11.tgz",
            "integrity": "sha512-VfPwgcGABbGAue9+sfrD4PuwFar7gPb1yl1UK1MwXoQPAw0BKSqWfoYCT/ThFrdEVWoI51dBuyCoiNU9bZDZxQ=="
        },
        "vue-awesome": {
            "version": "2.3.8",
            "resolved": "https://registry.npmjs.org/vue-awesome/-/vue-awesome-2.3.8.tgz",
            "integrity": "sha512-X7ttcOJerhqA6iK/UK8/DbFiBrEAFY1abGVWBqGx0kGLwPU1CjG73YfBffvIs14GiqmlNZDR5gGVsiTEc+GLhg=="
        },
        "vue-clipboard2": {
            "version": "0.3.1",
            "resolved": "https://registry.npmjs.org/vue-clipboard2/-/vue-clipboard2-0.3.1.tgz",
            "integrity": "sha512-H5S/agEDj0kXjUb5GP2c0hCzIXWRBygaWLN3NEFsaI9I3uWin778SFEMt8QRXiPG+7anyjqWiw2lqcxWUSfkYg==",
            "requires": {
                "clipboard": "^2.0.0"
            }
        },
        "vue-focuspoint-component": {
            "version": "2.0.1",
            "resolved": "https://registry.npmjs.org/vue-focuspoint-component/-/vue-focuspoint-component-2.0.1.tgz",
            "integrity": "sha512-sLeLCU05/cqHWgODRk95DDAlvfQWydT/5LiKHpS7puc8kVl2qhtde7NvN4edLF8Rbin5Mv27er2iML+4HuHtVw==",
            "requires": {
                "vue": "^2.5.2"
            }
        },
        "vue-hot-reload-api": {
            "version": "2.3.4",
            "resolved": "https://registry.npmjs.org/vue-hot-reload-api/-/vue-hot-reload-api-2.3.4.tgz",
            "integrity": "sha512-BXq3jwIagosjgNVae6tkHzzIk6a8MHFtzAdwhnV5VlvPTFxDCvIttgSiHWjdGoTJvXtmRu5HacExfdarRcFhog==",
            "dev": true
        },
        "vue-infinite-loading": {
            "version": "2.4.5",
            "resolved": "https://registry.npmjs.org/vue-infinite-loading/-/vue-infinite-loading-2.4.5.tgz",
            "integrity": "sha512-xhq95Mxun060bRnsOoLE2Be6BR7jYwuC89kDe18+GmCLVrRA/dU0jrGb12Xu6NjmKs+iTW0AA6saSEmEW4cR7g=="
        },
        "vue-input-autowidth": {
            "version": "1.0.10",
            "resolved": "https://registry.npmjs.org/vue-input-autowidth/-/vue-input-autowidth-1.0.10.tgz",
            "integrity": "sha512-+PpSoqeQkvtCtIVpx47ZY2YMLp1dSiLCgCh/xOt0mCBoDulpQ9DufpYcGX8z9edQuWak9AKHLVGGZLXU47PWbw==",
            "requires": {
                "es6-object-assign": "^1.1.0"
            }
        },
        "vue-list-rendered": {
            "version": "1.0.1",
            "resolved": "https://registry.npmjs.org/vue-list-rendered/-/vue-list-rendered-1.0.1.tgz",
            "integrity": "sha512-NRqkBYTJX1YqJPkz16PHdpNu6OvKTzcizht3iyAOprd9DM0YNZh3lgGDH8TgAWo0z5WaFZsMRHkFRkWyHOHpZA=="
        },
        "vue-loader": {
            "version": "15.9.6",
            "resolved": "https://registry.npmjs.org/vue-loader/-/vue-loader-15.9.6.tgz",
            "integrity": "sha512-j0cqiLzwbeImIC6nVIby2o/ABAWhlppyL/m5oJ67R5MloP0hj/DtFgb0Zmq3J9CG7AJ+AXIvHVnJAPBvrLyuDg==",
            "dev": true,
            "requires": {
                "@vue/component-compiler-utils": "^3.1.0",
                "hash-sum": "^1.0.2",
                "loader-utils": "^1.1.0",
                "vue-hot-reload-api": "^2.3.0",
                "vue-style-loader": "^4.1.0"
            }
        },
        "vue-ls": {
            "version": "3.2.1",
            "resolved": "https://registry.npmjs.org/vue-ls/-/vue-ls-3.2.1.tgz",
            "integrity": "sha512-JoZDpSu0qV5AM50vspEzOut2lcm8R0tr5WG99jMHh14qFXkUes3ZdmDMG/p8iSQVQpg0pd/svGwM9Nd7OI2oaw=="
        },
        "vue-notif": {
            "version": "1.1.10",
            "resolved": "https://registry.npmjs.org/vue-notif/-/vue-notif-1.1.10.tgz",
            "integrity": "sha512-SEyTqICH1YyruL4sxZEiJjUUBQQBrtD8PiPa35VsQB0cpHMR9lzEnOZvL6nlv1tetPFcCWrt7NlBcpUoMapzXA==",
            "requires": {
                "vuemit": "^1.0.0"
            }
        },
        "vue-style-loader": {
            "version": "4.1.2",
            "resolved": "https://registry.npmjs.org/vue-style-loader/-/vue-style-loader-4.1.2.tgz",
            "integrity": "sha512-0ip8ge6Gzz/Bk0iHovU9XAUQaFt/G2B61bnWa2tCcqqdgfHs1lF9xXorFbE55Gmy92okFT+8bfmySuUOu13vxQ==",
            "dev": true,
            "requires": {
                "hash-sum": "^1.0.2",
                "loader-utils": "^1.0.2"
            }
        },
        "vue-template-es2015-compiler": {
            "version": "1.9.1",
            "resolved": "https://registry.npmjs.org/vue-template-es2015-compiler/-/vue-template-es2015-compiler-1.9.1.tgz",
            "integrity": "sha512-4gDntzrifFnCEvyoO8PqyJDmguXgVPxKiIxrBKjIowvL9l+N66196+72XVYR8BBf1Uv1Fgt3bGevJ+sEmxfZzw==",
            "dev": true
        },
        "vue-tippy": {
            "version": "2.1.3",
            "resolved": "https://registry.npmjs.org/vue-tippy/-/vue-tippy-2.1.3.tgz",
            "integrity": "sha512-McnxRXjOKhYps/rDrji1xoOn4yIavEjuEsu7vfCjhvAaBh/YdQhLgHlkqjShhNKfWB8zA3M9bDJUC9MhfXOhdQ==",
            "requires": {
                "popper.js": "^1.14.3",
                "tippy.js": "^2.6.*"
            }
        },
        "vue-touch": {
            "version": "2.0.0-beta.4",
            "resolved": "https://registry.npmjs.org/vue-touch/-/vue-touch-2.0.0-beta.4.tgz",
            "integrity": "sha1-Alml+/if7RLV5deJ//uZuHSuBQE=",
            "requires": {
                "hammerjs": "^2.0.8",
                "rollup-plugin-cleanup": "^0.1.4",
                "rollup-plugin-commonjs": "^7.0.0",
                "rollup-plugin-node-resolve": "^2.0.0"
            }
        },
        "vuemit": {
            "version": "1.0.9",
            "resolved": "https://registry.npmjs.org/vuemit/-/vuemit-1.0.9.tgz",
            "integrity": "sha512-UsHkTkFM8FU13N2wIG4WAfKD3pVF/GeoYVC6/slxjphrUyA0/F+ITUJFuSA4WBmIir4YlVinLUETnzEhTqek/Q=="
        },
        "which": {
            "version": "2.0.2",
            "resolved": "https://registry.npmjs.org/which/-/which-2.0.2.tgz",
            "integrity": "sha512-BLI3Tl1TW3Pvl70l3yq3Y64i+awpwXqsGBYWkkqMtnbXgrMD+yj7rhW0kuEDxzJaYXGjEW5ogapKNMEKNMjibA==",
            "dev": true,
            "requires": {
                "isexe": "^2.0.0"
            }
        },
        "yallist": {
            "version": "2.1.2",
            "resolved": "https://registry.npmjs.org/yallist/-/yallist-2.1.2.tgz",
            "integrity": "sha1-HBH5IY8HYImkfdUS+TxmmaaoHVI=",
            "dev": true
        }
    }
}
